
Microsoft Visual Studio Solution File, Format Version 12.00
# Visual Studio Version 17
VisualStudioVersion = 17.8.34330.188
MinimumVisualStudioVersion = 10.0.40219.1
Project("{2150E333-8FDC-42A3-9474-1A3956D46DE8}") = "src", "src", "{DA4A4A5B-6B61-4373-86A8-B89BEF371729}"
EndProject
Project("{FAE04EC0-301F-11D3-BF4B-00C04F79EFBC}") = "ResumeAnalyzerApi", "src\ResumeAnalyzerApi\ResumeAnalyzerApi.csproj", "{C4C59C24-E81C-4386-A839-1CD7A867AD42}"
EndProject
Global
	GlobalSection(SolutionConfigurationPlatforms) = preSolution
		Debug|Any CPU = Debug|Any CPU
		Release|Any CPU = Release|Any CPU
	EndGlobalSection
	GlobalSection(ProjectConfigurationPlatforms) = postSolution
		{C4C59C24-E81C-4386-A839-1CD7A867AD42}.Debug|Any CPU.ActiveCfg = Debug|Any CPU
		{C4C59C24-E81C-4386-A839-1CD7A867AD42}.Debug|Any CPU.Build.0 = Debug|Any CPU
		{C4C59C24-E81C-4386-A839-1CD7A867AD42}.Release|Any CPU.ActiveCfg = Release|Any CPU
		{C4C59C24-E81C-4386-A839-1CD7A867AD42}.Release|Any CPU.Build.0 = Release|Any CPU
	EndGlobalSection
	GlobalSection(SolutionProperties) = preSolution
		HideSolutionNode = FALSE
	EndGlobalSection
	GlobalSection(NestedProjects) = preSolution
		{C4C59C24-E81C-4386-A839-1CD7A867AD42} = {DA4A4A5B-6B61-4373-86A8-B89BEF371729}
	EndGlobalSection
	GlobalSection(ExtensibilityGlobals) = postSolution
		SolutionGuid = {0D7915C8-9C1C-410C-A466-F4041AFF96D2}
	EndGlobalSection
EndGlobal
